<?xml version="1.0" encoding="UTF-8"?>
<CONFIG>
  <ProjectOptions>
    <Version Value="12"/>
    <General>
      <Flags>
        <MainUnitHasCreateFormStatements Value="False"/>
        <MainUnitHasTitleStatement Value="False"/>
        <MainUnitHasScaledStatement Value="False"/>
      </Flags>
      <SessionStorage Value="InProjectDir"/>
      <Title Value="InstallAware Multi Platform  Command Line Build"/>
      <ResourceType Value="res"/>
      <UseXPManifest Value="True"/>
      <XPManifest>
        <DpiAware Value="True"/>
      </XPManifest>
      <Icon Value="0"/>
    </General>
    <BuildModes>
      <Item Name="Default" Default="True"/>
      <Item Name="Linux">
        <CompilerOptions>
          <Version Value="11"/>
          <Target>
            <Filename Value="miaxbuild"/>
          </Target>
          <SearchPaths>
            <IncludeFiles Value="$(ProjOutDir)"/>
            <OtherUnitFiles Value="packages/anchordocking;packages/multithreadprocs;GreatisRuntimeFusion/FormDes/Source;GreatisRuntimeFusion/ObjInsp/Source;GreatisRuntimeFusion/RunFus/Source"/>
            <UnitOutputDirectory Value="lib/$(TargetCPU)-$(TargetOS)"/>
          </SearchPaths>
          <Linking>
            <Debugging>
              <DebugInfoType Value="dsDwarf2"/>
            </Debugging>
            <Options>
              <PassLinkerOptions Value="True"/>
              <LinkerOptions Value="-R ./"/>
              <Win32>
                <GraphicApplication Value="True"/>
              </Win32>
            </Options>
          </Linking>
          <Other>
            <CustomOptions Value="-dBACKIDE
-dCMDBUILD"/>
          </Other>
        </CompilerOptions>
      </Item>
    </BuildModes>
    <PublishOptions>
      <Version Value="2"/>
      <UseFileFilters Value="True"/>
    </PublishOptions>
    <RunParams>
      <FormatVersion Value="2"/>
    </RunParams>
    <RequiredPackages>
      <Item>
        <PackageName Value="OIPKG7"/>
      </Item>
      <Item>
        <PackageName Value="GFDLIB"/>
      </Item>
      <Item>
        <PackageName Value="GFDSTD"/>
      </Item>
      <Item>
        <PackageName Value="RFPKG"/>
      </Item>
      <Item>
        <PackageName Value="LCL"/>
      </Item>
    </RequiredPackages>
    <Units>
      <Unit>
        <Filename Value="miaxbuild.lpr"/>
        <IsPartOfProject Value="True"/>
      </Unit>
      <Unit>
        <Filename Value="mbuild.pas"/>
        <IsPartOfProject Value="True"/>
        <ComponentName Value="Build"/>
        <HasResources Value="True"/>
        <ResourceBaseClass Value="Form"/>
      </Unit>
      <Unit>
        <Filename Value="mscriptexec.pas"/>
        <IsPartOfProject Value="True"/>
        <UnitName Value="mScriptExec"/>
      </Unit>
      <Unit>
        <Filename Value="mbuildthread.pas"/>
        <IsPartOfProject Value="True"/>
      </Unit>
      <Unit>
        <Filename Value="mAutomate.pas"/>
        <IsPartOfProject Value="True"/>
      </Unit>
      <Unit>
        <Filename Value="mutils.pas"/>
        <IsPartOfProject Value="True"/>
        <UnitName Value="mUtils"/>
      </Unit>
    </Units>
  </ProjectOptions>
  <CompilerOptions>
    <Version Value="11"/>
    <Target>
      <Filename Value="miaxbuild"/>
    </Target>
    <SearchPaths>
      <IncludeFiles Value="$(ProjOutDir)"/>
      <OtherUnitFiles Value="packages/anchordocking;packages/multithreadprocs;GreatisRuntimeFusion/FormDes/Source;GreatisRuntimeFusion/ObjInsp/Source;GreatisRuntimeFusion/RunFus/Source"/>
      <UnitOutputDirectory Value="lib/$(TargetCPU)-$(TargetOS)"/>
    </SearchPaths>
    <Linking>
      <Debugging>
        <DebugInfoType Value="dsDwarf2"/>
      </Debugging>
      <Options>
        <Win32>
          <GraphicApplication Value="True"/>
        </Win32>
      </Options>
    </Linking>
    <Other>
      <CustomOptions Value="-dBACKIDE
-dCMDBUILD"/>
    </Other>
  </CompilerOptions>
  <Debugging>
    <Exceptions>
      <Item>
        <Name Value="EAbort"/>
      </Item>
      <Item>
        <Name Value="ECodetoolError"/>
      </Item>
      <Item>
        <Name Value="EFOpenError"/>
      </Item>
    </Exceptions>
  </Debugging>
</CONFIG>
